
Microsoft Visual Studio Solution File, Format Version 12.00
# Visual Studio Version 16
VisualStudioVersion = 25.0.1706.14
MinimumVisualStudioVersion = 10.0.40219.1
Project("{FAE04EC0-301F-11D3-BF4B-00C04F79EFBC}") = "ModularPipelines.Pulumi", "ModularPipelines.Pulumi\ModularPipelines.Pulumi.csproj", "{D4889887-5BFC-47BB-9EFA-8982B5240459}"
EndProject
Global
	GlobalSection(SolutionConfigurationPlatforms) = preSolution
				Debug|Any CPU = Debug|Any CPU
				Release|Any CPU = Release|Any CPU
	EndGlobalSection
	GlobalSection(ProjectConfigurationPlatforms) = postSolution
		{D4889887-5BFC-47BB-9EFA-8982B5240459}.Debug|Any CPU.ActiveCfg = Debug|Any CPU
		{D4889887-5BFC-47BB-9EFA-8982B5240459}.Debug|Any CPU.Build.0 = Debug|Any CPU
	EndGlobalSection
	GlobalSection(SolutionProperties) = preSolution
		HideSolutionNode = FALSE
	EndGlobalSection
	GlobalSection(ExtensibilityGlobals) = postSolution
		SolutionGuid = {F2A7808C-B994-4CBE-A420-33DD2BDA4418}
	EndGlobalSection
EndGlobal
